
Microsoft Visual Studio Solution File, Format Version 12.00
# Visual Studio Version 16
VisualStudioVersion = 16.0.30804.86
MinimumVisualStudioVersion = 10.0.40219.1
Project("{9A19103F-16F7-4668-BE54-9A1E7A4F7556}") = "SpecFlowProject1", "SpecFlowProject1\SpecFlowProject1.csproj", "{4145AB4B-FA49-455B-B29D-C99F8020A47A}"
	ProjectSection(ProjectDependencies) = postProject
		{D3706C05-3F70-473A-A341-F9CF726AB3EB} = {D3706C05-3F70-473A-A341-F9CF726AB3EB}
	EndProjectSection
EndProject
Project("{FAE04EC0-301F-11D3-BF4B-00C04F79EFBC}") = "SharedLib", "SharedLib\SharedLib.csproj", "{D3706C05-3F70-473A-A341-F9CF726AB3EB}"
EndProject
Global
	GlobalSection(SolutionConfigurationPlatforms) = preSolution
		Debug|Any CPU = Debug|Any CPU
		Release|Any CPU = Release|Any CPU
	EndGlobalSection
	GlobalSection(ProjectConfigurationPlatforms) = postSolution
		{4145AB4B-FA49-455B-B29D-C99F8020A47A}.Debug|Any CPU.ActiveCfg = Debug|Any CPU
		{4145AB4B-FA49-455B-B29D-C99F8020A47A}.Debug|Any CPU.Build.0 = Debug|Any CPU
		{4145AB4B-FA49-455B-B29D-C99F8020A47A}.Release|Any CPU.ActiveCfg = Release|Any CPU
		{4145AB4B-FA49-455B-B29D-C99F8020A47A}.Release|Any CPU.Build.0 = Release|Any CPU
		{D3706C05-3F70-473A-A341-F9CF726AB3EB}.Debug|Any CPU.ActiveCfg = Debug|Any CPU
		{D3706C05-3F70-473A-A341-F9CF726AB3EB}.Debug|Any CPU.Build.0 = Debug|Any CPU
		{D3706C05-3F70-473A-A341-F9CF726AB3EB}.Release|Any CPU.ActiveCfg = Release|Any CPU
		{D3706C05-3F70-473A-A341-F9CF726AB3EB}.Release|Any CPU.Build.0 = Release|Any CPU
	EndGlobalSection
	GlobalSection(SolutionProperties) = preSolution
		HideSolutionNode = FALSE
	EndGlobalSection
	GlobalSection(ExtensibilityGlobals) = postSolution
		SolutionGuid = {AC9C8B98-280C-4F9A-A2B5-8337236D9534}
	EndGlobalSection
EndGlobal
